
Microsoft Visual Studio Solution File, Format Version 12.00
# Visual Studio Version 17
VisualStudioVersion = 17.12.35209.166
MinimumVisualStudioVersion = 10.0.40219.1
Project("{FAE04EC0-301F-11D3-BF4B-00C04F79EFBC}") = "SkymeyWeb", "SkymeyWeb\SkymeyWeb.csproj", "{B31F0DC4-12A2-471B-A47C-0EE3A5CC7514}"
EndProject
Project("{FAE04EC0-301F-11D3-BF4B-00C04F79EFBC}") = "SkymeyLibs", "..\..\Libs\SkymeyLibs\SkymeyLibs\SkymeyLibs.csproj", "{653D2B59-B37F-4568-8AF1-A0A642756D3A}"
EndProject
Project("{FAE04EC0-301F-11D3-BF4B-00C04F79EFBC}") = "SkymeyAPIPost", "..\..\Posts\SkymeyAPIPost\SkymeyAPIPost\SkymeyAPIPost.csproj", "{4DF7D354-5C0D-45B5-8E7D-D8FFAEB7CE85}"
EndProject
Project("{FAE04EC0-301F-11D3-BF4B-00C04F79EFBC}") = "SkymeyPostModerator", "..\..\PostModerator\SkymeyPostModerator\SkymeyPostModerator\SkymeyPostModerator.csproj", "{932EEBE9-2155-4A90-ADC7-21F42631D4B1}"
EndProject
Project("{FAE04EC0-301F-11D3-BF4B-00C04F79EFBC}") = "SkymeyGatewayAPI", "..\..\Gateway\SkymeyGatewayAPI\SkymeyGatewayAPI.csproj", "{9DF5FE06-66E5-46E8-869C-7C73FE9C4160}"
EndProject
Project("{FAE04EC0-301F-11D3-BF4B-00C04F79EFBC}") = "SkymeyProcessController", "..\..\..\..\Skymey\SkymeyAPI\SkymeyProcessController\SkymeyProcessController.csproj", "{12B41CA6-7DDF-43E3-8C8C-F3063DDC68B1}"
EndProject
Project("{FAE04EC0-301F-11D3-BF4B-00C04F79EFBC}") = "SkymeyBinanceTickerList", "C:\Users\New\source\repos\SkymeyJobs\SkymeyBinanceTickerList\SkymeyBinanceTickerList.csproj", "{4EB7CACF-F6AC-4E7D-9836-186B8E4CF4B4}"
EndProject
Project("{FAE04EC0-301F-11D3-BF4B-00C04F79EFBC}") = "SkymeyTokens", "SkymeyTokens\SkymeyTokens.csproj", "{A944752B-F036-4480-AF1A-B3D68F439766}"
EndProject
Global
	GlobalSection(SolutionConfigurationPlatforms) = preSolution
		Debug|Any CPU = Debug|Any CPU
		Release|Any CPU = Release|Any CPU
	EndGlobalSection
	GlobalSection(ProjectConfigurationPlatforms) = postSolution
		{B31F0DC4-12A2-471B-A47C-0EE3A5CC7514}.Debug|Any CPU.ActiveCfg = Debug|Any CPU
		{B31F0DC4-12A2-471B-A47C-0EE3A5CC7514}.Debug|Any CPU.Build.0 = Debug|Any CPU
		{B31F0DC4-12A2-471B-A47C-0EE3A5CC7514}.Release|Any CPU.ActiveCfg = Release|Any CPU
		{B31F0DC4-12A2-471B-A47C-0EE3A5CC7514}.Release|Any CPU.Build.0 = Release|Any CPU
		{653D2B59-B37F-4568-8AF1-A0A642756D3A}.Debug|Any CPU.ActiveCfg = Debug|Any CPU
		{653D2B59-B37F-4568-8AF1-A0A642756D3A}.Debug|Any CPU.Build.0 = Debug|Any CPU
		{653D2B59-B37F-4568-8AF1-A0A642756D3A}.Release|Any CPU.ActiveCfg = Release|Any CPU
		{653D2B59-B37F-4568-8AF1-A0A642756D3A}.Release|Any CPU.Build.0 = Release|Any CPU
		{4DF7D354-5C0D-45B5-8E7D-D8FFAEB7CE85}.Debug|Any CPU.ActiveCfg = Debug|Any CPU
		{4DF7D354-5C0D-45B5-8E7D-D8FFAEB7CE85}.Debug|Any CPU.Build.0 = Debug|Any CPU
		{4DF7D354-5C0D-45B5-8E7D-D8FFAEB7CE85}.Release|Any CPU.ActiveCfg = Release|Any CPU
		{4DF7D354-5C0D-45B5-8E7D-D8FFAEB7CE85}.Release|Any CPU.Build.0 = Release|Any CPU
		{932EEBE9-2155-4A90-ADC7-21F42631D4B1}.Debug|Any CPU.ActiveCfg = Debug|Any CPU
		{932EEBE9-2155-4A90-ADC7-21F42631D4B1}.Debug|Any CPU.Build.0 = Debug|Any CPU
		{932EEBE9-2155-4A90-ADC7-21F42631D4B1}.Release|Any CPU.ActiveCfg = Release|Any CPU
		{932EEBE9-2155-4A90-ADC7-21F42631D4B1}.Release|Any CPU.Build.0 = Release|Any CPU
		{9DF5FE06-66E5-46E8-869C-7C73FE9C4160}.Debug|Any CPU.ActiveCfg = Debug|Any CPU
		{9DF5FE06-66E5-46E8-869C-7C73FE9C4160}.Debug|Any CPU.Build.0 = Debug|Any CPU
		{9DF5FE06-66E5-46E8-869C-7C73FE9C4160}.Release|Any CPU.ActiveCfg = Release|Any CPU
		{9DF5FE06-66E5-46E8-869C-7C73FE9C4160}.Release|Any CPU.Build.0 = Release|Any CPU
		{12B41CA6-7DDF-43E3-8C8C-F3063DDC68B1}.Debug|Any CPU.ActiveCfg = Debug|Any CPU
		{12B41CA6-7DDF-43E3-8C8C-F3063DDC68B1}.Debug|Any CPU.Build.0 = Debug|Any CPU
		{12B41CA6-7DDF-43E3-8C8C-F3063DDC68B1}.Release|Any CPU.ActiveCfg = Release|Any CPU
		{12B41CA6-7DDF-43E3-8C8C-F3063DDC68B1}.Release|Any CPU.Build.0 = Release|Any CPU
		{4EB7CACF-F6AC-4E7D-9836-186B8E4CF4B4}.Debug|Any CPU.ActiveCfg = Debug|Any CPU
		{4EB7CACF-F6AC-4E7D-9836-186B8E4CF4B4}.Debug|Any CPU.Build.0 = Debug|Any CPU
		{4EB7CACF-F6AC-4E7D-9836-186B8E4CF4B4}.Release|Any CPU.ActiveCfg = Release|Any CPU
		{4EB7CACF-F6AC-4E7D-9836-186B8E4CF4B4}.Release|Any CPU.Build.0 = Release|Any CPU
		{A944752B-F036-4480-AF1A-B3D68F439766}.Debug|Any CPU.ActiveCfg = Debug|Any CPU
		{A944752B-F036-4480-AF1A-B3D68F439766}.Debug|Any CPU.Build.0 = Debug|Any CPU
		{A944752B-F036-4480-AF1A-B3D68F439766}.Release|Any CPU.ActiveCfg = Release|Any CPU
		{A944752B-F036-4480-AF1A-B3D68F439766}.Release|Any CPU.Build.0 = Release|Any CPU
	EndGlobalSection
	GlobalSection(SolutionProperties) = preSolution
		HideSolutionNode = FALSE
	EndGlobalSection
	GlobalSection(ExtensibilityGlobals) = postSolution
		SolutionGuid = {76ABA37E-229B-4FF2-85ED-14236DF58B6A}
	EndGlobalSection
EndGlobal
