
Microsoft Visual Studio Solution File, Format Version 12.00
# Visual Studio Version 17
VisualStudioVersion = 17.12.35209.166
MinimumVisualStudioVersion = 10.0.40219.1
Project("{FAE04EC0-301F-11D3-BF4B-00C04F79EFBC}") = "SkymeyWeb", "SkymeyWeb\SkymeyWeb.csproj", "{B31F0DC4-12A2-471B-A47C-0EE3A5CC7514}"
EndProject
Project("{FAE04EC0-301F-11D3-BF4B-00C04F79EFBC}") = "SkymeyAPIPost", "..\..\Posts\SkymeyAPIPost\SkymeyAPIPost\SkymeyAPIPost.csproj", "{4DF7D354-5C0D-45B5-8E7D-D8FFAEB7CE85}"
EndProject
Project("{FAE04EC0-301F-11D3-BF4B-00C04F79EFBC}") = "SkymeyProcessController", "..\..\..\..\Skymey\SkymeyAPI\SkymeyProcessController\SkymeyProcessController.csproj", "{12B41CA6-7DDF-43E3-8C8C-F3063DDC68B1}"
EndProject
Project("{FAE04EC0-301F-11D3-BF4B-00C04F79EFBC}") = "SkymeyBinanceTickerList", "C:\Users\New\source\repos\SkymeyJobs\SkymeyBinanceTickerList\SkymeyBinanceTickerList.csproj", "{4EB7CACF-F6AC-4E7D-9836-186B8E4CF4B4}"
EndProject
Project("{FAE04EC0-301F-11D3-BF4B-00C04F79EFBC}") = "SkymeyTokens", "SkymeyTokens\SkymeyTokens.csproj", "{A944752B-F036-4480-AF1A-B3D68F439766}"
EndProject
Project("{FAE04EC0-301F-11D3-BF4B-00C04F79EFBC}") = "SkymeyUserService", "SkymeyUserService\SkymeyUserService.csproj", "{D6508110-338A-4BC1-9BF6-0AA74EB7BC93}"
EndProject
Project("{FAE04EC0-301F-11D3-BF4B-00C04F79EFBC}") = "SkymeyMainAPI", "SkymeyMainAPI\SkymeyMainAPI.csproj", "{20BDB715-0A80-4336-93A4-DAE158D58E40}"
EndProject
Project("{FAE04EC0-301F-11D3-BF4B-00C04F79EFBC}") = "SkymeyLibs", "..\SkymeyLibs\SkymeyLibs\SkymeyLibs.csproj", "{194120EF-95A1-4D14-875D-E6EEAE104C06}"
EndProject
Project("{FAE04EC0-301F-11D3-BF4B-00C04F79EFBC}") = "SkymeyPostModerator", "..\SkymeyPostModerator\SkymeyPostModerator\SkymeyPostModerator.csproj", "{30CA80B2-46AD-407A-9F00-C7ECDE8CA7AC}"
EndProject
Global
	GlobalSection(SolutionConfigurationPlatforms) = preSolution
		Debug|Any CPU = Debug|Any CPU
		Release|Any CPU = Release|Any CPU
	EndGlobalSection
	GlobalSection(ProjectConfigurationPlatforms) = postSolution
		{B31F0DC4-12A2-471B-A47C-0EE3A5CC7514}.Debug|Any CPU.ActiveCfg = Debug|Any CPU
		{B31F0DC4-12A2-471B-A47C-0EE3A5CC7514}.Debug|Any CPU.Build.0 = Debug|Any CPU
		{B31F0DC4-12A2-471B-A47C-0EE3A5CC7514}.Release|Any CPU.ActiveCfg = Release|Any CPU
		{B31F0DC4-12A2-471B-A47C-0EE3A5CC7514}.Release|Any CPU.Build.0 = Release|Any CPU
		{4DF7D354-5C0D-45B5-8E7D-D8FFAEB7CE85}.Debug|Any CPU.ActiveCfg = Debug|Any CPU
		{4DF7D354-5C0D-45B5-8E7D-D8FFAEB7CE85}.Debug|Any CPU.Build.0 = Debug|Any CPU
		{4DF7D354-5C0D-45B5-8E7D-D8FFAEB7CE85}.Release|Any CPU.ActiveCfg = Release|Any CPU
		{4DF7D354-5C0D-45B5-8E7D-D8FFAEB7CE85}.Release|Any CPU.Build.0 = Release|Any CPU
		{12B41CA6-7DDF-43E3-8C8C-F3063DDC68B1}.Debug|Any CPU.ActiveCfg = Debug|Any CPU
		{12B41CA6-7DDF-43E3-8C8C-F3063DDC68B1}.Debug|Any CPU.Build.0 = Debug|Any CPU
		{12B41CA6-7DDF-43E3-8C8C-F3063DDC68B1}.Release|Any CPU.ActiveCfg = Release|Any CPU
		{12B41CA6-7DDF-43E3-8C8C-F3063DDC68B1}.Release|Any CPU.Build.0 = Release|Any CPU
		{4EB7CACF-F6AC-4E7D-9836-186B8E4CF4B4}.Debug|Any CPU.ActiveCfg = Debug|Any CPU
		{4EB7CACF-F6AC-4E7D-9836-186B8E4CF4B4}.Debug|Any CPU.Build.0 = Debug|Any CPU
		{4EB7CACF-F6AC-4E7D-9836-186B8E4CF4B4}.Release|Any CPU.ActiveCfg = Release|Any CPU
		{4EB7CACF-F6AC-4E7D-9836-186B8E4CF4B4}.Release|Any CPU.Build.0 = Release|Any CPU
		{A944752B-F036-4480-AF1A-B3D68F439766}.Debug|Any CPU.ActiveCfg = Debug|Any CPU
		{A944752B-F036-4480-AF1A-B3D68F439766}.Debug|Any CPU.Build.0 = Debug|Any CPU
		{A944752B-F036-4480-AF1A-B3D68F439766}.Release|Any CPU.ActiveCfg = Release|Any CPU
		{A944752B-F036-4480-AF1A-B3D68F439766}.Release|Any CPU.Build.0 = Release|Any CPU
		{D6508110-338A-4BC1-9BF6-0AA74EB7BC93}.Debug|Any CPU.ActiveCfg = Debug|Any CPU
		{D6508110-338A-4BC1-9BF6-0AA74EB7BC93}.Debug|Any CPU.Build.0 = Debug|Any CPU
		{D6508110-338A-4BC1-9BF6-0AA74EB7BC93}.Release|Any CPU.ActiveCfg = Release|Any CPU
		{D6508110-338A-4BC1-9BF6-0AA74EB7BC93}.Release|Any CPU.Build.0 = Release|Any CPU
		{20BDB715-0A80-4336-93A4-DAE158D58E40}.Debug|Any CPU.ActiveCfg = Debug|Any CPU
		{20BDB715-0A80-4336-93A4-DAE158D58E40}.Debug|Any CPU.Build.0 = Debug|Any CPU
		{20BDB715-0A80-4336-93A4-DAE158D58E40}.Release|Any CPU.ActiveCfg = Release|Any CPU
		{20BDB715-0A80-4336-93A4-DAE158D58E40}.Release|Any CPU.Build.0 = Release|Any CPU
		{194120EF-95A1-4D14-875D-E6EEAE104C06}.Debug|Any CPU.ActiveCfg = Debug|Any CPU
		{194120EF-95A1-4D14-875D-E6EEAE104C06}.Debug|Any CPU.Build.0 = Debug|Any CPU
		{194120EF-95A1-4D14-875D-E6EEAE104C06}.Release|Any CPU.ActiveCfg = Release|Any CPU
		{194120EF-95A1-4D14-875D-E6EEAE104C06}.Release|Any CPU.Build.0 = Release|Any CPU
		{30CA80B2-46AD-407A-9F00-C7ECDE8CA7AC}.Debug|Any CPU.ActiveCfg = Debug|Any CPU
		{30CA80B2-46AD-407A-9F00-C7ECDE8CA7AC}.Debug|Any CPU.Build.0 = Debug|Any CPU
		{30CA80B2-46AD-407A-9F00-C7ECDE8CA7AC}.Release|Any CPU.ActiveCfg = Release|Any CPU
		{30CA80B2-46AD-407A-9F00-C7ECDE8CA7AC}.Release|Any CPU.Build.0 = Release|Any CPU
	EndGlobalSection
	GlobalSection(SolutionProperties) = preSolution
		HideSolutionNode = FALSE
	EndGlobalSection
	GlobalSection(ExtensibilityGlobals) = postSolution
		SolutionGuid = {76ABA37E-229B-4FF2-85ED-14236DF58B6A}
	EndGlobalSection
EndGlobal
